
Microsoft Visual Studio Solution File, Format Version 12.00
# Visual Studio Version 16
VisualStudioVersion = 16.0.29009.5
MinimumVisualStudioVersion = 10.0.40219.1
Project("{8BC9CEB8-8B4A-11D0-8D11-00A0C91BC942}") = "STM32F407VET6Project", "EWARM\STM32F407VET6Project.vcxproj", "{5BDC3446-476B-BE0F-F089-D20ADCF7CEB5}"
EndProject
Global
	GlobalSection(SolutionConfigurationPlatforms) = preSolution
		STM32F407VET6Project|Win32 = STM32F407VET6Project|Win32
	EndGlobalSection
	GlobalSection(ProjectConfigurationPlatforms) = postSolution
		{5BDC3446-476B-BE0F-F089-D20ADCF7CEB5}.STM32F407VET6Project|Win32.ActiveCfg = STM32F407VET6Project|Win32
		{5BDC3446-476B-BE0F-F089-D20ADCF7CEB5}.STM32F407VET6Project|Win32.Build.0 = STM32F407VET6Project|Win32
	EndGlobalSection
	GlobalSection(SolutionProperties) = preSolution
		HideSolutionNode = FALSE
	EndGlobalSection
	GlobalSection(ExtensibilityGlobals) = postSolution
		SolutionGuid = {9972AC23-EB6F-4D5A-9491-04272C635962}
	EndGlobalSection
EndGlobal
